
Microsoft Visual Studio Solution File, Format Version 12.00
# Visual Studio Version 17
VisualStudioVersion = 17.5.002.0
MinimumVisualStudioVersion = 10.0.40219.1
Project("{9A19103F-16F7-4668-BE54-9A1E7A4F7556}") = "tehtava7.33", "tehtava7.33.csproj", "{4973B260-00FB-4494-A9C8-7E0418754AD0}"
EndProject
Global
	GlobalSection(SolutionConfigurationPlatforms) = preSolution
		Debug|Any CPU = Debug|Any CPU
		Release|Any CPU = Release|Any CPU
	EndGlobalSection
	GlobalSection(ProjectConfigurationPlatforms) = postSolution
		{4973B260-00FB-4494-A9C8-7E0418754AD0}.Debug|Any CPU.ActiveCfg = Debug|Any CPU
		{4973B260-00FB-4494-A9C8-7E0418754AD0}.Debug|Any CPU.Build.0 = Debug|Any CPU
		{4973B260-00FB-4494-A9C8-7E0418754AD0}.Release|Any CPU.ActiveCfg = Release|Any CPU
		{4973B260-00FB-4494-A9C8-7E0418754AD0}.Release|Any CPU.Build.0 = Release|Any CPU
	EndGlobalSection
	GlobalSection(SolutionProperties) = preSolution
		HideSolutionNode = FALSE
	EndGlobalSection
	GlobalSection(ExtensibilityGlobals) = postSolution
		SolutionGuid = {8EB7B51B-6E30-48F6-AF5F-0C9FC6AAA7E8}
	EndGlobalSection
EndGlobal
